
Microsoft Visual Studio Solution File, Format Version 12.00
# Visual Studio Version 17
VisualStudioVersion = 17.9.34728.123
MinimumVisualStudioVersion = 10.0.40219.1
Project("{FAE04EC0-301F-11D3-BF4B-00C04F79EFBC}") = "Client", "Client\Client.csproj", "{9AAA203E-8217-488D-8319-342A38695F0E}"
EndProject
Project("{FAE04EC0-301F-11D3-BF4B-00C04F79EFBC}") = "Server", "Server\Server.csproj", "{E8E691D0-C28D-4ACA-AF85-A25217C16F69}"
EndProject
Global
	GlobalSection(SolutionConfigurationPlatforms) = preSolution
		Debug|Any CPU = Debug|Any CPU
		Release|Any CPU = Release|Any CPU
	EndGlobalSection
	GlobalSection(ProjectConfigurationPlatforms) = postSolution
		{9AAA203E-8217-488D-8319-342A38695F0E}.Debug|Any CPU.ActiveCfg = Debug|Any CPU
		{9AAA203E-8217-488D-8319-342A38695F0E}.Debug|Any CPU.Build.0 = Debug|Any CPU
		{9AAA203E-8217-488D-8319-342A38695F0E}.Release|Any CPU.ActiveCfg = Release|Any CPU
		{9AAA203E-8217-488D-8319-342A38695F0E}.Release|Any CPU.Build.0 = Release|Any CPU
		{E8E691D0-C28D-4ACA-AF85-A25217C16F69}.Debug|Any CPU.ActiveCfg = Debug|Any CPU
		{E8E691D0-C28D-4ACA-AF85-A25217C16F69}.Debug|Any CPU.Build.0 = Debug|Any CPU
		{E8E691D0-C28D-4ACA-AF85-A25217C16F69}.Release|Any CPU.ActiveCfg = Release|Any CPU
		{E8E691D0-C28D-4ACA-AF85-A25217C16F69}.Release|Any CPU.Build.0 = Release|Any CPU
	EndGlobalSection
	GlobalSection(SolutionProperties) = preSolution
		HideSolutionNode = FALSE
	EndGlobalSection
	GlobalSection(ExtensibilityGlobals) = postSolution
		SolutionGuid = {5A9BF8E2-724C-4B90-B2AD-71EB9F6720E9}
	EndGlobalSection
EndGlobal
